// !$*UTF8*$!
{
	archiveVersion = 1;
	classes = {
	};
	objectVersion = 46;
	objects = {

/* Begin PBXBuildFile section */
		375E085C1BF345D5009DC5A9 /* main.m in Sources */ = {isa = PBXBuildFile; fileRef = 375E085B1BF345D5009DC5A9 /* main.m */; };
		375E085F1BF345D5009DC5A9 /* AppDelegate.m in Sources */ = {isa = PBXBuildFile; fileRef = 375E085E1BF345D5009DC5A9 /* AppDelegate.m */; };
		375E08621BF345D5009DC5A9 /* ViewController.m in Sources */ = {isa = PBXBuildFile; fileRef = 375E08611BF345D5009DC5A9 /* ViewController.m */; };
		375E08651BF345D5009DC5A9 /* Main.storyboard in Resources */ = {isa = PBXBuildFile; fileRef = 375E08631BF345D5009DC5A9 /* Main.storyboard */; };
		375E08671BF345D5009DC5A9 /* Assets.xcassets in Resources */ = {isa = PBXBuildFile; fileRef = 375E08661BF345D5009DC5A9 /* Assets.xcassets */; };
		375E086A1BF345D5009DC5A9 /* LaunchScreen.storyboard in Resources */ = {isa = PBXBuildFile; fileRef = 375E08681BF345D5009DC5A9 /* LaunchScreen.storyboard */; };
		375E08731BF345E1009DC5A9 /* UIView+WSFExtension.m in Sources */ = {isa = PBXBuildFile; fileRef = 375E08721BF345E1009DC5A9 /* UIView+WSFExtension.m */; };
/* End PBXBuildFile section */

/* Begin PBXFileReference section */
		375E08571BF345D5009DC5A9 /* ChouTiXiaoGuo.app */ = {isa = PBXFileReference; explicitFileType = wrapper.application; includeInIndex = 0; path = ChouTiXiaoGuo.app; sourceTree = BUILT_PRODUCTS_DIR; };
		375E085B1BF345D5009DC5A9 /* main.m */ = {isa = PBXFileReference; lastKnownFileType = sourcecode.c.objc; path = main.m; sourceTree = "<group>"; };
		375E085D1BF345D5009DC5A9 /* AppDelegate.h */ = {isa = PBXFileReference; lastKnownFileType = sourcecode.c.h; path = AppDelegate.h; sourceTree = "<group>"; };
		375E085E1BF345D5009DC5A9 /* AppDelegate.m */ = {isa = PBXFileReference; lastKnownFileType = sourcecode.c.objc; path = AppDelegate.m; sourceTree = "<group>"; };
		375E08601BF345D5009DC5A9 /* ViewController.h */ = {isa = PBXFileReference; lastKnownFileType = sourcecode.c.h; path = ViewController.h; sourceTree = "<group>"; };
		375E08611BF345D5009DC5A9 /* ViewController.m */ = {isa = PBXFileReference; lastKnownFileType = sourcecode.c.objc; path = ViewController.m; sourceTree = "<group>"; };
		375E08641BF345D5009DC5A9 /* Base */ = {isa = PBXFileReference; lastKnownFileType = file.storyboard; name = Base; path = Base.lproj/Main.storyboard; sourceTree = "<group>"; };
		375E08661BF345D5009DC5A9 /* Assets.xcassets */ = {isa = PBXFileReference; lastKnownFileType = folder.assetcatalog; path = Assets.xcassets; sourceTree = "<group>"; };
		375E08691BF345D5009DC5A9 /* Base */ = {isa = PBXFileReference; lastKnownFileType = file.storyboard; name = Base; path = Base.lproj/LaunchScreen.storyboard; sourceTree = "<group>"; };
		375E086B1BF345D5009DC5A9 /* Info.plist */ = {isa = PBXFileReference; lastKnownFileType = text.plist.xml; path = Info.plist; sourceTree = "<group>"; };
		375E08711BF345E1009DC5A9 /* UIView+WSFExtension.h */ = {isa = PBXFileReference; fileEncoding = 4; lastKnownFileType = sourcecode.c.h; path = "UIView+WSFExtension.h"; sourceTree = "<group>"; };
		375E08721BF345E1009DC5A9 /* UIView+WSFExtension.m */ = {isa = PBXFileReference; fileEncoding = 4; lastKnownFileType = sourcecode.c.objc; path = "UIView+WSFExtension.m"; sourceTree = "<group>"; };
/* End PBXFileReference section */

/* Begin PBXFrameworksBuildPhase section */
		375E08541BF345D5009DC5A9 /* Frameworks */ = {
			isa = PBXFrameworksBuildPhase;
			buildActionMask = 2147483647;
			files = (
			);
			runOnlyForDeploymentPostprocessing = 0;
		};
/* End PBXFrameworksBuildPhase section */

/* Begin PBXGroup section */
		375E084E1BF345D4009DC5A9 = {
			isa = PBXGroup;
			children = (
				375E08591BF345D5009DC5A9 /* ChouTiXiaoGuo */,
				375E08581BF345D5009DC5A9 /* Products */,
			);
			sourceTree = "<group>";
		};
		375E08581BF345D5009DC5A9 /* Products */ = {
			isa = PBXGroup;
			children = (
				375E08571BF345D5009DC5A9 /* ChouTiXiaoGuo.app */,
			);
			name = Products;
			sourceTree = "<group>";
		};
		375E08591BF345D5009DC5A9 /* ChouTiXiaoGuo */ = {
			isa = PBXGroup;
			children = (
				375E085D1BF345D5009DC5A9 /* AppDelegate.h */,
				375E085E1BF345D5009DC5A9 /* AppDelegate.m */,
				375E08601BF345D5009DC5A9 /* ViewController.h */,
				375E08611BF345D5009DC5A9 /* ViewController.m */,
				375E08711BF345E1009DC5A9 /* UIView+WSFExtension.h */,
				375E08721BF345E1009DC5A9 /* UIView+WSFExtension.m */,
				375E08631BF345D5009DC5A9 /* Main.storyboard */,
				375E08661BF345D5009DC5A9 /* Assets.xcassets */,
				375E08681BF345D5009DC5A9 /* LaunchScreen.storyboard */,
				375E086B1BF345D5009DC5A9 /* Info.plist */,
				375E085A1BF345D5009DC5A9 /* Supporting Files */,
			);
			path = ChouTiXiaoGuo;
			sourceTree = "<group>";
		};
		375E085A1BF345D5009DC5A9 /* Supporting Files */ = {
			isa = PBXGroup;
			children = (
				375E085B1BF345D5009DC5A9 /* main.m */,
			);
			name = "Supporting Files";
			sourceTree = "<group>";
		};
/* End PBXGroup section */

/* Begin PBXNativeTarget section */
		375E08561BF345D5009DC5A9 /* ChouTiXiaoGuo */ = {
			isa = PBXNativeTarget;
			buildConfigurationList = 375E086E1BF345D5009DC5A9 /* Build configuration list for PBXNativeTarget "ChouTiXiaoGuo" */;
			buildPhases = (
				375E08531BF345D5009DC5A9 /* Sources */,
				375E08541BF345D5009DC5A9 /* Frameworks */,
				375E08551BF345D5009DC5A9 /* Resources */,
			);
			buildRules = (
			);
			dependencies = (
			);
			name = ChouTiXiaoGuo;
			productName = ChouTiXiaoGuo;
			productReference = 375E08571BF345D5009DC5A9 /* ChouTiXiaoGuo.app */;
			productType = "com.apple.product-type.application";
		};
/* End PBXNativeTarget section */

/* Begin PBXProject section */
		375E084F1BF345D4009DC5A9 /* Project object */ = {
			isa = PBXProject;
			attributes = {
				LastUpgradeCheck = 0710;
				ORGANIZATIONNAME = WangShengFeng;
				TargetAttributes = {
					375E08561BF345D5009DC5A9 = {
						CreatedOnToolsVersion = 7.1;
					};
				};
			};
			buildConfigurationList = 375E08521BF345D4009DC5A9 /* Build configuration list for PBXProject "ChouTiXiaoGuo" */;
			compatibilityVersion = "Xcode 3.2";
			developmentRegion = English;
			hasScannedForEncodings = 0;
			knownRegions = (
				en,
				Base,
			);
			mainGroup = 375E084E1BF345D4009DC5A9;
			productRefGroup = 375E08581BF345D5009DC5A9 /* Products */;
			projectDirPath = "";
			projectRoot = "";
			targets = (
				375E08561BF345D5009DC5A9 /* ChouTiXiaoGuo */,
			);
		};
/* End PBXProject section */

/* Begin PBXResourcesBuildPhase section */
		375E08551BF345D5009DC5A9 /* Resources */ = {
			isa = PBXResourcesBuildPhase;
			buildActionMask = 2147483647;
			files = (
				375E086A1BF345D5009DC5A9 /* LaunchScreen.storyboard in Resources */,
				375E08671BF345D5009DC5A9 /* Assets.xcassets in Resources */,
				375E08651BF345D5009DC5A9 /* Main.storyboard in Resources */,
			);
			runOnlyForDeploymentPostprocessing = 0;
		};
/* End PBXResourcesBuildPhase section */

/* Begin PBXSourcesBuildPhase section */
		375E08531BF345D5009DC5A9 /* Sources */ = {
			isa = PBXSourcesBuildPhase;
			buildActionMask = 2147483647;
			files = (
				375E08621BF345D5009DC5A9 /* ViewController.m in Sources */,
				375E08731BF345E1009DC5A9 /* UIView+WSFExtension.m in Sources */,
				375E085F1BF345D5009DC5A9 /* AppDelegate.m in Sources */,
				375E085C1BF345D5009DC5A9 /* main.m in Sources */,
			);
			runOnlyForDeploymentPostprocessing = 0;
		};
/* End PBXSourcesBuildPhase section */

/* Begin PBXVariantGroup section */
		375E08631BF345D5009DC5A9 /* Main.storyboard */ = {
			isa = PBXVariantGroup;
			children = (
				375E08641BF345D5009DC5A9 /* Base */,
			);
			name = Main.storyboard;
			sourceTree = "<group>";
		};
		375E08681BF345D5009DC5A9 /* LaunchScreen.storyboard */ = {
			isa = PBXVariantGroup;
			children = (
				375E08691BF345D5009DC5A9 /* Base */,
			);
			name = LaunchScreen.storyboard;
			sourceTree = "<group>";
		};
/* End PBXVariantGroup section */

/* Begin XCBuildConfiguration section */
		375E086C1BF345D5009DC5A9 /* Debug */ = {
			isa = XCBuildConfiguration;
			buildSettings = {
				ALWAYS_SEARCH_USER_PATHS = NO;
				CLANG_CXX_LANGUAGE_STANDARD = "gnu++0x";
				CLANG_CXX_LIBRARY = "libc++";
				CLANG_ENABLE_MODULES = YES;
				CLANG_ENABLE_OBJC_ARC = YES;
				CLANG_WARN_BOOL_CONVERSION = YES;
				CLANG_WARN_CONSTANT_CONVERSION = YES;
				CLANG_WARN_DIRECT_OBJC_ISA_USAGE = YES_ERROR;
				CLANG_WARN_EMPTY_BODY = YES;
				CLANG_WARN_ENUM_CONVERSION = YES;
				CLANG_WARN_INT_CONVERSION = YES;
				CLANG_WARN_OBJC_ROOT_CLASS = YES_ERROR;
				CLANG_WARN_UNREACHABLE_CODE = YES;
				CLANG_WARN__DUPLICATE_METHOD_MATCH = YES;
				"CODE_SIGN_IDENTITY[sdk=iphoneos*]" = "iPhone Developer";
				COPY_PHASE_STRIP = NO;
				DEBUG_INFORMATION_FORMAT = dwarf;
				ENABLE_STRICT_OBJC_MSGSEND = YES;
				ENABLE_TESTABILITY = YES;
				GCC_C_LANGUAGE_STANDARD = gnu99;
				GCC_DYNAMIC_NO_PIC = NO;
				GCC_NO_COMMON_BLOCKS = YES;
				GCC_OPTIMIZATION_LEVEL = 0;
				GCC_PREPROCESSOR_DEFINITIONS = (
					"DEBUG=1",
					"$(inherited)",
				);
				GCC_WARN_64_TO_32_BIT_CONVERSION = YES;
				GCC_WARN_ABOUT_RETURN_TYPE = YES_ERROR;
				GCC_WARN_UNDECLARED_SELECTOR = YES;
				GCC_WARN_UNINITIALIZED_AUTOS = YES_AGGRESSIVE;
				GCC_WARN_UNUSED_FUNCTION = YES;
				GCC_WARN_UNUSED_VARIABLE = YES;
				IPHONEOS_DEPLOYMENT_TARGET = 9.1;
				MTL_ENABLE_DEBUG_INFO = YES;
				ONLY_ACTIVE_ARCH = YES;
				SDKROOT = iphoneos;
			};
			name = Debug;
		};
		375E086D1BF345D5009DC5A9 /* Release */ = {
			isa = XCBuildConfiguration;
			buildSettings = {
				ALWAYS_SEARCH_USER_PATHS = NO;
				CLANG_CXX_LANGUAGE_STANDARD = "gnu++0x";
				CLANG_CXX_LIBRARY = "libc++";
				CLANG_ENABLE_MODULES = YES;
				CLANG_ENABLE_OBJC_ARC = YES;
				CLANG_WARN_BOOL_CONVERSION = YES;
				CLANG_WARN_CONSTANT_CONVERSION = YES;
				CLANG_WARN_DIRECT_OBJC_ISA_USAGE = YES_ERROR;
				CLANG_WARN_EMPTY_BODY = YES;
				CLANG_WARN_ENUM_CONVERSION = YES;
				CLANG_WARN_INT_CONVERSION = YES;
				CLANG_WARN_OBJC_ROOT_CLASS = YES_ERROR;
				CLANG_WARN_UNREACHABLE_CODE = YES;
				CLANG_WARN__DUPLICATE_METHOD_MATCH = YES;
				"CODE_SIGN_IDENTITY[sdk=iphoneos*]" = "iPhone Developer";
				COPY_PHASE_STRIP = NO;
				DEBUG_INFORMATION_FORMAT = "dwarf-with-dsym";
				ENABLE_NS_ASSERTIONS = NO;
				ENABLE_STRICT_OBJC_MSGSEND = YES;
				GCC_C_LANGUAGE_STANDARD = gnu99;
				GCC_NO_COMMON_BLOCKS = YES;
				GCC_WARN_64_TO_32_BIT_CONVERSION = YES;
				GCC_WARN_ABOUT_RETURN_TYPE = YES_ERROR;
				GCC_WARN_UNDECLARED_SELECTOR = YES;
				GCC_WARN_UNINITIALIZED_AUTOS = YES_AGGRESSIVE;
				GCC_WARN_UNUSED_FUNCTION = YES;
				GCC_WARN_UNUSED_VARIABLE = YES;
				IPHONEOS_DEPLOYMENT_TARGET = 9.1;
				MTL_ENABLE_DEBUG_INFO = NO;
				SDKROOT = iphoneos;
				VALIDATE_PRODUCT = YES;
			};
			name = Release;
		};
		375E086F1BF345D5009DC5A9 /* Debug */ = {
			isa = XCBuildConfiguration;
			buildSettings = {
				ASSETCATALOG_COMPILER_APPICON_NAME = AppIcon;
				INFOPLIST_FILE = ChouTiXiaoGuo/Info.plist;
				LD_RUNPATH_SEARCH_PATHS = "$(inherited) @executable_path/Frameworks";
				PRODUCT_BUNDLE_IDENTIFIER = cc.loveuqian.ChouTiXiaoGuo;
				PRODUCT_NAME = "$(TARGET_NAME)";
			};
			name = Debug;
		};
		375E08701BF345D5009DC5A9 /* Release */ = {
			isa = XCBuildConfiguration;
			buildSettings = {
				ASSETCATALOG_COMPILER_APPICON_NAME = AppIcon;
				INFOPLIST_FILE = ChouTiXiaoGuo/Info.plist;
				LD_RUNPATH_SEARCH_PATHS = "$(inherited) @executable_path/Frameworks";
				PRODUCT_BUNDLE_IDENTIFIER = cc.loveuqian.ChouTiXiaoGuo;
				PRODUCT_NAME = "$(TARGET_NAME)";
			};
			name = Release;
		};
/* End XCBuildConfiguration section */

/* Begin XCConfigurationList section */
		375E08521BF345D4009DC5A9 /* Build configuration list for PBXProject "ChouTiXiaoGuo" */ = {
			isa = XCConfigurationList;
			buildConfigurations = (
				375E086C1BF345D5009DC5A9 /* Debug */,
				375E086D1BF345D5009DC5A9 /* Release */,
			);
			defaultConfigurationIsVisible = 0;
			defaultConfigurationName = Release;
		};
		375E086E1BF345D5009DC5A9 /* Build configuration list for PBXNativeTarget "ChouTiXiaoGuo" */ = {
			isa = XCConfigurationList;
			buildConfigurations = (
				375E086F1BF345D5009DC5A9 /* Debug */,
				375E08701BF345D5009DC5A9 /* Release */,
			);
			defaultConfigurationIsVisible = 0;
		};
/* End XCConfigurationList section */
	};
	rootObject = 375E084F1BF345D4009DC5A9 /* Project object */;
}
